
Microsoft Visual Studio Solution File, Format Version 12.00
# Visual Studio Version 17
VisualStudioVersion = 17.0.32002.185
MinimumVisualStudioVersion = 10.0.40219.1
Project("{FAE04EC0-301F-11D3-BF4B-00C04F79EFBC}") = "ExemploWhile", "ExemploWhile.csproj", "{90DC8F69-7A67-4326-828E-280ED4AA651E}"
EndProject
Global
	GlobalSection(SolutionConfigurationPlatforms) = preSolution
		Debug|Any CPU = Debug|Any CPU
		Release|Any CPU = Release|Any CPU
	EndGlobalSection
	GlobalSection(ProjectConfigurationPlatforms) = postSolution
		{90DC8F69-7A67-4326-828E-280ED4AA651E}.Debug|Any CPU.ActiveCfg = Debug|Any CPU
		{90DC8F69-7A67-4326-828E-280ED4AA651E}.Debug|Any CPU.Build.0 = Debug|Any CPU
		{90DC8F69-7A67-4326-828E-280ED4AA651E}.Release|Any CPU.ActiveCfg = Release|Any CPU
		{90DC8F69-7A67-4326-828E-280ED4AA651E}.Release|Any CPU.Build.0 = Release|Any CPU
	EndGlobalSection
	GlobalSection(SolutionProperties) = preSolution
		HideSolutionNode = FALSE
	EndGlobalSection
	GlobalSection(ExtensibilityGlobals) = postSolution
		SolutionGuid = {BA2F166E-D9AB-4ACE-B892-1F239A91D634}
	EndGlobalSection
EndGlobal
